// !$*UTF8*$!
{
	archiveVersion = 1;
	classes = {
	};
	objectVersion = 77;
	objects = {

/* Begin PBXBuildFile section */
		127EAC3B627051340D274793 /* LanguageAndLayoutTests.swift in Sources */ = {isa = PBXBuildFile; fileRef = 28577E54F8F793BF56F606D7 /* LanguageAndLayoutTests.swift */; };
		2B72203E33BF09F62F1AC558 /* WatchLayoutTests.swift in Sources */ = {isa = PBXBuildFile; fileRef = 2CBF473DDFC0446BB61C4CE9 /* WatchLayoutTests.swift */; };
		421CD325C94FD06F30D0F2C0 /* Foundation.framework in Frameworks */ = {isa = PBXBuildFile; fileRef = FB77B6B1AD1AB85D5C9A4320 /* Foundation.framework */; };
		4E0CF2BE2EFC23F300307800 /* ZIPFoundation in Frameworks */ = {isa = PBXBuildFile; productRef = 4E0CF2BD2EFC23F300307800 /* ZIPFoundation */; };
		4E15D8EB2F024BC000D6C3FE /* LICENSE in Resources */ = {isa = PBXBuildFile; fileRef = 4E15D8EA2F024BBF00D6C3FE /* LICENSE */; };
		4E2E3D712F41D3910041E83C /* Yams in Frameworks */ = {isa = PBXBuildFile; productRef = 4E2E3D702F41D3910041E83C /* Yams */; };
		4EFB3E572F2CE3CA001F2930 /* WatchConnectivity.framework in Frameworks */ = {isa = PBXBuildFile; fileRef = 4EFB3E562F2CE3CA001F2930 /* WatchConnectivity.framework */; };
		4EFB42BB2F2CF31B001F2930 /* MochiLog Watch App.app in Embed Watch Content */ = {isa = PBXBuildFile; fileRef = 4EFB3AB82F2CD92B001F2930 /* MochiLog Watch App.app */; settings = {ATTRIBUTES = (RemoveHeadersOnCopy, ); }; };
		B2BB2236F959178D04D12387 /* Foundation.framework in Frameworks */ = {isa = PBXBuildFile; fileRef = 129EAD9F001E904356A4AC73 /* Foundation.framework */; };
/* End PBXBuildFile section */

/* Begin PBXContainerItemProxy section */
		4EFB42BC2F2CF461001F2930 /* PBXContainerItemProxy */ = {
			isa = PBXContainerItemProxy;
			containerPortal = 4E0CF1372EF9542800307800 /* Project object */;
			proxyType = 1;
			remoteGlobalIDString = 4EFB3AB72F2CD92B001F2930;
			remoteInfo = "MochiLog Watch App";
		};
		8D0CC62613013A22A7A638C1 /* PBXContainerItemProxy */ = {
			isa = PBXContainerItemProxy;
			containerPortal = 4E0CF1372EF9542800307800 /* Project object */;
			proxyType = 1;
			remoteGlobalIDString = 4EFB3AB72F2CD92B001F2930;
			remoteInfo = "MochiLog Watch App";
		};
		FD05BD62C928322F30BBD733 /* PBXContainerItemProxy */ = {
			isa = PBXContainerItemProxy;
			containerPortal = 4E0CF1372EF9542800307800 /* Project object */;
			proxyType = 1;
			remoteGlobalIDString = 4E0CF13E2EF9542800307800;
			remoteInfo = MochiLog;
		};
/* End PBXContainerItemProxy section */

/* Begin PBXCopyFilesBuildPhase section */
		4E0CF1902EF9680800307800 /* Embed Foundation Extensions */ = {
			isa = PBXCopyFilesBuildPhase;
			buildActionMask = 2147483647;
			dstPath = "";
			dstSubfolderSpec = 13;
			files = (
			);
			name = "Embed Foundation Extensions";
			runOnlyForDeploymentPostprocessing = 0;
		};
		4EFB3AB02F2CD2D4001F2930 /* Embed Watch Content */ = {
			isa = PBXCopyFilesBuildPhase;
			buildActionMask = 2147483647;
			dstPath = "$(CONTENTS_FOLDER_PATH)/Watch";
			dstSubfolderSpec = 16;
			files = (
				4EFB42BB2F2CF31B001F2930 /* MochiLog Watch App.app in Embed Watch Content */,
			);
			name = "Embed Watch Content";
			runOnlyForDeploymentPostprocessing = 0;
		};
/* End PBXCopyFilesBuildPhase section */

/* Begin PBXFileReference section */
		129EAD9F001E904356A4AC73 /* Foundation.framework */ = {isa = PBXFileReference; lastKnownFileType = wrapper.framework; name = Foundation.framework; path = Platforms/iPhoneOS.platform/Developer/SDKs/iPhoneOS18.0.sdk/System/Library/Frameworks/Foundation.framework; sourceTree = DEVELOPER_DIR; };
		28577E54F8F793BF56F606D7 /* LanguageAndLayoutTests.swift */ = {isa = PBXFileReference; includeInIndex = 1; lastKnownFileType = sourcecode.swift; path = LanguageAndLayoutTests.swift; sourceTree = "<group>"; };
		2CBF473DDFC0446BB61C4CE9 /* WatchLayoutTests.swift */ = {isa = PBXFileReference; includeInIndex = 1; lastKnownFileType = sourcecode.swift; path = WatchLayoutTests.swift; sourceTree = "<group>"; };
		4E0537A93051706B00EC12CE /* MochiLog.xcodeproj */ = {isa = PBXFileReference; lastKnownFileType = "wrapper.pb-project"; path = MochiLog.xcodeproj; sourceTree = SOURCE_ROOT; };
		4E0CF13F2EF9542800307800 /* MochiLog.app */ = {isa = PBXFileReference; explicitFileType = wrapper.application; includeInIndex = 0; path = MochiLog.app; sourceTree = BUILT_PRODUCTS_DIR; };
		4E15D8EA2F024BBF00D6C3FE /* LICENSE */ = {isa = PBXFileReference; lastKnownFileType = text; path = LICENSE; sourceTree = "<group>"; };
		4EFB3AB82F2CD92B001F2930 /* MochiLog Watch App.app */ = {isa = PBXFileReference; explicitFileType = wrapper.application; includeInIndex = 0; path = "MochiLog Watch App.app"; sourceTree = BUILT_PRODUCTS_DIR; };
		4EFB3E562F2CE3CA001F2930 /* WatchConnectivity.framework */ = {isa = PBXFileReference; lastKnownFileType = wrapper.framework; name = WatchConnectivity.framework; path = System/Library/Frameworks/WatchConnectivity.framework; sourceTree = SDKROOT; };
		D8E24672B82B6C4854EA9BCE /* MochiLogUITests.xctest */ = {isa = PBXFileReference; explicitFileType = wrapper.cfbundle; includeInIndex = 0; path = MochiLogUITests.xctest; sourceTree = BUILT_PRODUCTS_DIR; };
		F51ED240CA3B1C0EF9D69525 /* MochiLogWatchUITests.xctest */ = {isa = PBXFileReference; explicitFileType = wrapper.cfbundle; includeInIndex = 0; path = MochiLogWatchUITests.xctest; sourceTree = BUILT_PRODUCTS_DIR; };
		FB77B6B1AD1AB85D5C9A4320 /* Foundation.framework */ = {isa = PBXFileReference; lastKnownFileType = wrapper.framework; name = Foundation.framework; path = Platforms/WatchOS.platform/Developer/SDKs/WatchOS11.0.sdk/System/Library/Frameworks/Foundation.framework; sourceTree = DEVELOPER_DIR; };
/* End PBXFileReference section */

/* Begin PBXFileSystemSynchronizedBuildFileExceptionSet section */
		4EFB3AC32F2CD92C001F2930 /* Exceptions for "MochiLog Watch App" folder in "MochiLog Watch App" target */ = {
			isa = PBXFileSystemSynchronizedBuildFileExceptionSet;
			membershipExceptions = (
				Info.plist,
			);
			target = 4EFB3AB72F2CD92B001F2930 /* MochiLog Watch App */;
		};
/* End PBXFileSystemSynchronizedBuildFileExceptionSet section */

/* Begin PBXFileSystemSynchronizedRootGroup section */
		4E0CF1412EF9542800307800 /* MochiLog */ = {
			isa = PBXFileSystemSynchronizedRootGroup;
			path = MochiLog;
			sourceTree = "<group>";
		};
		4EFB3AB92F2CD92B001F2930 /* MochiLog Watch App */ = {
			isa = PBXFileSystemSynchronizedRootGroup;
			exceptions = (
				4EFB3AC32F2CD92C001F2930 /* Exceptions for "MochiLog Watch App" folder in "MochiLog Watch App" target */,
			);
			path = "MochiLog Watch App";
			sourceTree = "<group>";
		};
		A02700000000000000000001 /* Shared */ = {
			isa = PBXFileSystemSynchronizedRootGroup;
			path = Shared;
			sourceTree = "<group>";
		};
/* End PBXFileSystemSynchronizedRootGroup section */

/* Begin PBXFrameworksBuildPhase section */
		27F86AEEF952CD58E4B4B04F /* Frameworks */ = {
			isa = PBXFrameworksBuildPhase;
			buildActionMask = 2147483647;
			files = (
				421CD325C94FD06F30D0F2C0 /* Foundation.framework in Frameworks */,
			);
			runOnlyForDeploymentPostprocessing = 0;
		};
		4E0CF13C2EF9542800307800 /* Frameworks */ = {
			isa = PBXFrameworksBuildPhase;
			buildActionMask = 2147483647;
			files = (
				4E2E3D712F41D3910041E83C /* Yams in Frameworks */,
				4E0CF2BE2EFC23F300307800 /* ZIPFoundation in Frameworks */,
			);
			runOnlyForDeploymentPostprocessing = 0;
		};
		4EFB3AB52F2CD92B001F2930 /* Frameworks */ = {
			isa = PBXFrameworksBuildPhase;
			buildActionMask = 2147483647;
			files = (
				4EFB3E572F2CE3CA001F2930 /* WatchConnectivity.framework in Frameworks */,
			);
			runOnlyForDeploymentPostprocessing = 0;
		};
		A39599208E5B1867CD9BA0CE /* Frameworks */ = {
			isa = PBXFrameworksBuildPhase;
			buildActionMask = 2147483647;
			files = (
				B2BB2236F959178D04D12387 /* Foundation.framework in Frameworks */,
			);
			runOnlyForDeploymentPostprocessing = 0;
		};
/* End PBXFrameworksBuildPhase section */

/* Begin PBXGroup section */
		1487A6F0404C725155E93D3C /* iOS */ = {
			isa = PBXGroup;
			children = (
				129EAD9F001E904356A4AC73 /* Foundation.framework */,
			);
			name = iOS;
			sourceTree = "<group>";
		};
		4E0537AA3051706B00EC12CE /* Products */ = {
			isa = PBXGroup;
			name = Products;
			sourceTree = "<group>";
		};
		4E0CF1362EF9542800307800 = {
			isa = PBXGroup;
			children = (
				4E0537A93051706B00EC12CE /* MochiLog.xcodeproj */,
				4E0CF1412EF9542800307800 /* MochiLog */,
				A02700000000000000000001 /* Shared */,
				4EFB3AB92F2CD92B001F2930 /* MochiLog Watch App */,
				4E0CF1402EF9542800307800 /* Products */,
				4E15D8EA2F024BBF00D6C3FE /* LICENSE */,
				4EFB3E552F2CE3CA001F2930 /* Frameworks */,
				B54E76302BA49A688379A442 /* UITests */,
				E8CC1BDEA89997DD7CD05E51 /* WatchUITests */,
			);
			sourceTree = "<group>";
		};
		4E0CF1402EF9542800307800 /* Products */ = {
			isa = PBXGroup;
			children = (
				4E0CF13F2EF9542800307800 /* MochiLog.app */,
				4EFB3AB82F2CD92B001F2930 /* MochiLog Watch App.app */,
				D8E24672B82B6C4854EA9BCE /* MochiLogUITests.xctest */,
				F51ED240CA3B1C0EF9D69525 /* MochiLogWatchUITests.xctest */,
			);
			name = Products;
			sourceTree = "<group>";
		};
		4EFB3E552F2CE3CA001F2930 /* Frameworks */ = {
			isa = PBXGroup;
			children = (
				4EFB3E562F2CE3CA001F2930 /* WatchConnectivity.framework */,
				1487A6F0404C725155E93D3C /* iOS */,
				B6093CD6622069D6FD218076 /* watchOS */,
			);
			name = Frameworks;
			sourceTree = "<group>";
		};
		B54E76302BA49A688379A442 /* UITests */ = {
			isa = PBXGroup;
			children = (
				28577E54F8F793BF56F606D7 /* LanguageAndLayoutTests.swift */,
			);
			path = UITests;
			sourceTree = "<group>";
		};
		B6093CD6622069D6FD218076 /* watchOS */ = {
			isa = PBXGroup;
			children = (
				FB77B6B1AD1AB85D5C9A4320 /* Foundation.framework */,
			);
			name = watchOS;
			sourceTree = "<group>";
		};
		E8CC1BDEA89997DD7CD05E51 /* WatchUITests */ = {
			isa = PBXGroup;
			children = (
				2CBF473DDFC0446BB61C4CE9 /* WatchLayoutTests.swift */,
			);
			path = WatchUITests;
			sourceTree = "<group>";
		};
/* End PBXGroup section */

/* Begin PBXNativeTarget section */
		4E0CF13E2EF9542800307800 /* MochiLog */ = {
			isa = PBXNativeTarget;
			buildConfigurationList = 4E0CF14D2EF9542A00307800 /* Build configuration list for PBXNativeTarget "MochiLog" */;
			buildPhases = (
				4E0CF13B2EF9542800307800 /* Sources */,
				4E0CF13C2EF9542800307800 /* Frameworks */,
				4E0CF13D2EF9542800307800 /* Resources */,
				4E0CF1902EF9680800307800 /* Embed Foundation Extensions */,
				4EFB3AB02F2CD2D4001F2930 /* Embed Watch Content */,
			);
			buildRules = (
			);
			dependencies = (
				4EFB42BD2F2CF461001F2930 /* PBXTargetDependency */,
			);
			fileSystemSynchronizedGroups = (
				4E0CF1412EF9542800307800 /* MochiLog */,
				A02700000000000000000001 /* Shared */,
			);
			name = MochiLog;
			packageProductDependencies = (
				4E0CF2BD2EFC23F300307800 /* ZIPFoundation */,
				4E2E3D702F41D3910041E83C /* Yams */,
			);
			productName = MochiLog;
			productReference = 4E0CF13F2EF9542800307800 /* MochiLog.app */;
			productType = "com.apple.product-type.application";
		};
		4EFB3AB72F2CD92B001F2930 /* MochiLog Watch App */ = {
			isa = PBXNativeTarget;
			buildConfigurationList = 4EFB3AC02F2CD92C001F2930 /* Build configuration list for PBXNativeTarget "MochiLog Watch App" */;
			buildPhases = (
				4EFB3AB42F2CD92B001F2930 /* Sources */,
				4EFB3AB52F2CD92B001F2930 /* Frameworks */,
				4EFB3AB62F2CD92B001F2930 /* Resources */,
			);
			buildRules = (
			);
			dependencies = (
			);
			fileSystemSynchronizedGroups = (
				4EFB3AB92F2CD92B001F2930 /* MochiLog Watch App */,
				A02700000000000000000001 /* Shared */,
			);
			name = "MochiLog Watch App";
			productName = "MochiLog Watch App";
			productReference = 4EFB3AB82F2CD92B001F2930 /* MochiLog Watch App.app */;
			productType = "com.apple.product-type.application";
		};
		5C4282754B1AB116B058EA58 /* MochiLogWatchUITests */ = {
			isa = PBXNativeTarget;
			buildConfigurationList = 87F09FF56884B9FA7383A2BB /* Build configuration list for PBXNativeTarget "MochiLogWatchUITests" */;
			buildPhases = (
				820204C9C4A8FC35FB30C670 /* Sources */,
				27F86AEEF952CD58E4B4B04F /* Frameworks */,
				22C20EAAAE9ACE21552F4003 /* Resources */,
			);
			buildRules = (
			);
			dependencies = (
				E089988FF5542F886750959E /* PBXTargetDependency */,
			);
			name = MochiLogWatchUITests;
			productName = MochiLogWatchUITests;
			productReference = F51ED240CA3B1C0EF9D69525 /* MochiLogWatchUITests.xctest */;
			productType = "com.apple.product-type.bundle.ui-testing";
		};
		C819A3180A9451A2CD7D5371 /* MochiLogUITests */ = {
			isa = PBXNativeTarget;
			buildConfigurationList = 0F6586BD18A4936EE0A7B818 /* Build configuration list for PBXNativeTarget "MochiLogUITests" */;
			buildPhases = (
				8E491C31DB5133988F63B144 /* Sources */,
				A39599208E5B1867CD9BA0CE /* Frameworks */,
				549BA6D666FD66741D8B2230 /* Resources */,
			);
			buildRules = (
			);
			dependencies = (
				4BEB244D37B3E7FE6446AED1 /* PBXTargetDependency */,
			);
			name = MochiLogUITests;
			productName = MochiLogUITests;
			productReference = D8E24672B82B6C4854EA9BCE /* MochiLogUITests.xctest */;
			productType = "com.apple.product-type.bundle.ui-testing";
		};
/* End PBXNativeTarget section */

/* Begin PBXProject section */
		4E0CF1372EF9542800307800 /* Project object */ = {
			isa = PBXProject;
			attributes = {
				BuildIndependentTargetsInParallel = 1;
				LastSwiftUpdateCheck = 2620;
				LastUpgradeCheck = 2700;
				TargetAttributes = {
					4E0CF13E2EF9542800307800 = {
						CreatedOnToolsVersion = 26.2;
					};
					4EFB3AB72F2CD92B001F2930 = {
						CreatedOnToolsVersion = 26.2;
					};
				};
			};
			buildConfigurationList = 4E0CF13A2EF9542800307800 /* Build configuration list for PBXProject "MochiLog" */;
			developmentRegion = en;
			hasScannedForEncodings = 0;
			knownRegions = (
				en,
				Base,
				"zh-Hans",
				"zh-Hant",
				ko,
				es,
				fr,
				de,
				ja,
			);
			mainGroup = 4E0CF1362EF9542800307800;
			minimizedProjectReferenceProxies = 1;
			packageReferences = (
				4E0CF2BC2EFC23F300307800 /* XCRemoteSwiftPackageReference "ZIPFoundation" */,
				4E2E3D6F2F41D18D0041E83C /* XCRemoteSwiftPackageReference "Yams" */,
			);
			preferredProjectObjectVersion = 77;
			productRefGroup = 4E0CF1402EF9542800307800 /* Products */;
			projectDirPath = "";
			projectReferences = (
				{
					ProductGroup = 4E0537AA3051706B00EC12CE /* Products */;
					ProjectRef = 4E0537A93051706B00EC12CE /* MochiLog.xcodeproj */;
				},
			);
			projectRoot = "";
			targets = (
				4E0CF13E2EF9542800307800 /* MochiLog */,
				4EFB3AB72F2CD92B001F2930 /* MochiLog Watch App */,
				C819A3180A9451A2CD7D5371 /* MochiLogUITests */,
				5C4282754B1AB116B058EA58 /* MochiLogWatchUITests */,
			);
		};
/* End PBXProject section */

/* Begin PBXResourcesBuildPhase section */
		22C20EAAAE9ACE21552F4003 /* Resources */ = {
			isa = PBXResourcesBuildPhase;
			buildActionMask = 2147483647;
			files = (
			);
			runOnlyForDeploymentPostprocessing = 0;
		};
		4E0CF13D2EF9542800307800 /* Resources */ = {
			isa = PBXResourcesBuildPhase;
			buildActionMask = 2147483647;
			files = (
				4E15D8EB2F024BC000D6C3FE /* LICENSE in Resources */,
			);
			runOnlyForDeploymentPostprocessing = 0;
		};
		4EFB3AB62F2CD92B001F2930 /* Resources */ = {
			isa = PBXResourcesBuildPhase;
			buildActionMask = 2147483647;
			files = (
			);
			runOnlyForDeploymentPostprocessing = 0;
		};
		549BA6D666FD66741D8B2230 /* Resources */ = {
			isa = PBXResourcesBuildPhase;
			buildActionMask = 2147483647;
			files = (
			);
			runOnlyForDeploymentPostprocessing = 0;
		};
/* End PBXResourcesBuildPhase section */

/* Begin PBXSourcesBuildPhase section */
		4E0CF13B2EF9542800307800 /* Sources */ = {
			isa = PBXSourcesBuildPhase;
			buildActionMask = 2147483647;
			files = (
			);
			runOnlyForDeploymentPostprocessing = 0;
		};
		4EFB3AB42F2CD92B001F2930 /* Sources */ = {
			isa = PBXSourcesBuildPhase;
			buildActionMask = 2147483647;
			files = (
			);
			runOnlyForDeploymentPostprocessing = 0;
		};
		820204C9C4A8FC35FB30C670 /* Sources */ = {
			isa = PBXSourcesBuildPhase;
			buildActionMask = 2147483647;
			files = (
				2B72203E33BF09F62F1AC558 /* WatchLayoutTests.swift in Sources */,
			);
			runOnlyForDeploymentPostprocessing = 0;
		};
		8E491C31DB5133988F63B144 /* Sources */ = {
			isa = PBXSourcesBuildPhase;
			buildActionMask = 2147483647;
			files = (
				127EAC3B627051340D274793 /* LanguageAndLayoutTests.swift in Sources */,
			);
			runOnlyForDeploymentPostprocessing = 0;
		};
/* End PBXSourcesBuildPhase section */

/* Begin PBXTargetDependency section */
		4BEB244D37B3E7FE6446AED1 /* PBXTargetDependency */ = {
			isa = PBXTargetDependency;
			name = MochiLog;
			target = 4E0CF13E2EF9542800307800 /* MochiLog */;
			targetProxy = FD05BD62C928322F30BBD733 /* PBXContainerItemProxy */;
		};
		4EFB42BD2F2CF461001F2930 /* PBXTargetDependency */ = {
			isa = PBXTargetDependency;
			target = 4EFB3AB72F2CD92B001F2930 /* MochiLog Watch App */;
			targetProxy = 4EFB42BC2F2CF461001F2930 /* PBXContainerItemProxy */;
		};
		E089988FF5542F886750959E /* PBXTargetDependency */ = {
			isa = PBXTargetDependency;
			name = "MochiLog Watch App";
			target = 4EFB3AB72F2CD92B001F2930 /* MochiLog Watch App */;
			targetProxy = 8D0CC62613013A22A7A638C1 /* PBXContainerItemProxy */;
		};
/* End PBXTargetDependency section */

/* Begin XCBuildConfiguration section */
		0C3FF5B228EF0DF7CCFE6354 /* Debug */ = {
			isa = XCBuildConfiguration;
			buildSettings = {
				CODE_SIGNING_ALLOWED = NO;
				GENERATE_INFOPLIST_FILE = YES;
				PRODUCT_BUNDLE_IDENTIFIER = "net.ryuya-dev.MochiLog.WatchUITests";
				PRODUCT_NAME = "$(TARGET_NAME)";
				SDKROOT = watchos;
				SWIFT_VERSION = 5.0;
				TEST_TARGET_NAME = "MochiLog Watch App";
				WATCHOS_DEPLOYMENT_TARGET = 9.0;
			};
			name = Debug;
		};
		4E0CF14E2EF9542A00307800 /* Debug */ = {
			isa = XCBuildConfiguration;
			buildSettings = {
				APS_ENVIRONMENT = development;
				ASSETCATALOG_COMPILER_APPICON_NAME = AppIcon;
				ASSETCATALOG_COMPILER_GLOBAL_ACCENT_COLOR_NAME = AccentColor;
				CODE_SIGN_ENTITLEMENTS = MochiLog/Resources/MochiLog.entitlements;
				CODE_SIGN_IDENTITY = "Apple Development";
				"CODE_SIGN_IDENTITY[sdk=iphoneos*]" = "iPhone Developer";
				CODE_SIGN_STYLE = Manual;
				CURRENT_PROJECT_VERSION = 101;
				DEAD_CODE_STRIPPING = YES;
				DEVELOPMENT_TEAM = "";
				"DEVELOPMENT_TEAM[sdk=iphoneos*]" = FZ35ZF3CZV;
				ENABLE_APP_SANDBOX = YES;
				ENABLE_HARDENED_RUNTIME = YES;
				ENABLE_PREVIEWS = YES;
				ENABLE_USER_SELECTED_FILES = readonly;
				GENERATE_INFOPLIST_FILE = YES;
				INFOPLIST_FILE = Info.plist;
				INFOPLIST_KEY_CFBundleDisplayName = MochiLog;
				INFOPLIST_KEY_LSApplicationCategoryType = "public.app-category.developer-tools";
				INFOPLIST_KEY_LSSupportsOpeningDocumentsInPlace = NO;
				"INFOPLIST_KEY_UIApplicationSceneManifest_Generation[sdk=iphoneos*]" = NO;
				"INFOPLIST_KEY_UIApplicationSceneManifest_Generation[sdk=iphonesimulator*]" = NO;
				"INFOPLIST_KEY_UIApplicationSupportsIndirectInputEvents[sdk=iphoneos*]" = YES;
				"INFOPLIST_KEY_UIApplicationSupportsIndirectInputEvents[sdk=iphonesimulator*]" = YES;
				INFOPLIST_KEY_UIApplicationSupportsMultipleScenes = NO;
				"INFOPLIST_KEY_UILaunchScreen_Generation[sdk=iphoneos*]" = YES;
				"INFOPLIST_KEY_UILaunchScreen_Generation[sdk=iphonesimulator*]" = YES;
				"INFOPLIST_KEY_UIStatusBarStyle[sdk=iphoneos*]" = UIStatusBarStyleDefault;
				"INFOPLIST_KEY_UIStatusBarStyle[sdk=iphonesimulator*]" = UIStatusBarStyleDefault;
				INFOPLIST_KEY_UISupportedInterfaceOrientations = UIInterfaceOrientationPortrait;
				INFOPLIST_KEY_UISupportedInterfaceOrientations_iPad = "UIInterfaceOrientationLandscapeLeft UIInterfaceOrientationLandscapeRight UIInterfaceOrientationPortrait UIInterfaceOrientationPortraitUpsideDown";
				INFOPLIST_KEY_UISupportedInterfaceOrientations_iPhone = "UIInterfaceOrientationPortrait UIInterfaceOrientationLandscapeLeft UIInterfaceOrientationLandscapeRight";
				INFOPLIST_KEY_UISupportsDocumentBrowser = NO;
				IPHONEOS_DEPLOYMENT_TARGET = 16.0;
				LD_RUNPATH_SEARCH_PATHS = "@executable_path/Frameworks";
				"LD_RUNPATH_SEARCH_PATHS[sdk=macosx*]" = "@executable_path/../Frameworks";
				MACOSX_DEPLOYMENT_TARGET = 13.0;
				MARKETING_VERSION = 3.2.0;
				OTHER_LDFLAGS = (
					"-weak_framework",
					SwiftData,
				);
				PRODUCT_BUNDLE_IDENTIFIER = "net.ryuya-dev.MochiLog";
				PRODUCT_NAME = "$(TARGET_NAME)";
				PROVISIONING_PROFILE_SPECIFIER = "";
				"PROVISIONING_PROFILE_SPECIFIER[sdk=iphoneos*]" = "match Development net.ryuya-dev.MochiLog";
				REGISTER_APP_GROUPS = YES;
				SDKROOT = auto;
				STRING_CATALOG_GENERATE_SYMBOLS = YES;
				SUPPORTED_PLATFORMS = "iphoneos iphonesimulator";
				SUPPORTS_MACCATALYST = NO;
				SWIFT_APPROACHABLE_CONCURRENCY = YES;
				SWIFT_DEFAULT_ACTOR_ISOLATION = MainActor;
				SWIFT_EMIT_LOC_STRINGS = YES;
				SWIFT_UPCOMING_FEATURE_MEMBER_IMPORT_VISIBILITY = YES;
				SWIFT_VERSION = 5.0;
				TARGETED_DEVICE_FAMILY = "1,2";
				XROS_DEPLOYMENT_TARGET = 2.6;
			};
			name = Debug;
		};
		4E0CF14F2EF9542A00307800 /* Release */ = {
			isa = XCBuildConfiguration;
			buildSettings = {
				APS_ENVIRONMENT = production;
				ASSETCATALOG_COMPILER_APPICON_NAME = AppIcon;
				ASSETCATALOG_COMPILER_GLOBAL_ACCENT_COLOR_NAME = AccentColor;
				CODE_SIGN_ENTITLEMENTS = MochiLog/Resources/MochiLog.entitlements;
				CODE_SIGN_IDENTITY = "Apple Distribution: ryuya watanabe (FZ35ZF3CZV)";
				CODE_SIGN_STYLE = Manual;
				CURRENT_PROJECT_VERSION = 101;
				DEAD_CODE_STRIPPING = YES;
				DEVELOPMENT_TEAM = "";
				"DEVELOPMENT_TEAM[sdk=iphoneos*]" = FZ35ZF3CZV;
				ENABLE_APP_SANDBOX = YES;
				ENABLE_HARDENED_RUNTIME = YES;
				ENABLE_PREVIEWS = YES;
				ENABLE_USER_SELECTED_FILES = readonly;
				GENERATE_INFOPLIST_FILE = YES;
				INFOPLIST_FILE = Info.plist;
				INFOPLIST_KEY_CFBundleDisplayName = MochiLog;
				INFOPLIST_KEY_LSApplicationCategoryType = "public.app-category.developer-tools";
				INFOPLIST_KEY_LSSupportsOpeningDocumentsInPlace = NO;
				"INFOPLIST_KEY_UIApplicationSceneManifest_Generation[sdk=iphoneos*]" = NO;
				"INFOPLIST_KEY_UIApplicationSceneManifest_Generation[sdk=iphonesimulator*]" = NO;
				"INFOPLIST_KEY_UIApplicationSupportsIndirectInputEvents[sdk=iphoneos*]" = YES;
				"INFOPLIST_KEY_UIApplicationSupportsIndirectInputEvents[sdk=iphonesimulator*]" = YES;
				INFOPLIST_KEY_UIApplicationSupportsMultipleScenes = NO;
				"INFOPLIST_KEY_UILaunchScreen_Generation[sdk=iphoneos*]" = YES;
				"INFOPLIST_KEY_UILaunchScreen_Generation[sdk=iphonesimulator*]" = YES;
				"INFOPLIST_KEY_UIStatusBarStyle[sdk=iphoneos*]" = UIStatusBarStyleDefault;
				"INFOPLIST_KEY_UIStatusBarStyle[sdk=iphonesimulator*]" = UIStatusBarStyleDefault;
				INFOPLIST_KEY_UISupportedInterfaceOrientations = UIInterfaceOrientationPortrait;
				INFOPLIST_KEY_UISupportedInterfaceOrientations_iPad = "UIInterfaceOrientationLandscapeLeft UIInterfaceOrientationLandscapeRight UIInterfaceOrientationPortrait UIInterfaceOrientationPortraitUpsideDown";
				INFOPLIST_KEY_UISupportedInterfaceOrientations_iPhone = "UIInterfaceOrientationPortrait UIInterfaceOrientationLandscapeLeft UIInterfaceOrientationLandscapeRight";
				INFOPLIST_KEY_UISupportsDocumentBrowser = NO;
				IPHONEOS_DEPLOYMENT_TARGET = 16.0;
				LD_RUNPATH_SEARCH_PATHS = "@executable_path/Frameworks";
				"LD_RUNPATH_SEARCH_PATHS[sdk=macosx*]" = "@executable_path/../Frameworks";
				MACOSX_DEPLOYMENT_TARGET = 13.0;
				MARKETING_VERSION = 3.2.0;
				OTHER_LDFLAGS = (
					"-weak_framework",
					SwiftData,
				);
				PRODUCT_BUNDLE_IDENTIFIER = "net.ryuya-dev.MochiLog";
				PRODUCT_NAME = "$(TARGET_NAME)";
				PROVISIONING_PROFILE_SPECIFIER = "";
				"PROVISIONING_PROFILE_SPECIFIER[sdk=iphoneos*]" = "match AppStore net.ryuya-dev.MochiLog";
				REGISTER_APP_GROUPS = YES;
				SDKROOT = auto;
				STRING_CATALOG_GENERATE_SYMBOLS = YES;
				SUPPORTED_PLATFORMS = "iphoneos iphonesimulator";
				SUPPORTS_MACCATALYST = NO;
				SWIFT_APPROACHABLE_CONCURRENCY = YES;
				SWIFT_DEFAULT_ACTOR_ISOLATION = MainActor;
				SWIFT_EMIT_LOC_STRINGS = YES;
				SWIFT_UPCOMING_FEATURE_MEMBER_IMPORT_VISIBILITY = YES;
				SWIFT_VERSION = 5.0;
				TARGETED_DEVICE_FAMILY = "1,2";
				XROS_DEPLOYMENT_TARGET = 2.6;
			};
			name = Release;
		};
		4E0CF1502EF9542A00307800 /* Debug */ = {
			isa = XCBuildConfiguration;
			buildSettings = {
				ALWAYS_SEARCH_USER_PATHS = NO;
				ASSETCATALOG_COMPILER_GENERATE_SWIFT_ASSET_SYMBOL_EXTENSIONS = YES;
				CLANG_ANALYZER_LOCALIZABILITY_NONLOCALIZED = YES;
				CLANG_ANALYZER_NONNULL = YES;
				CLANG_ANALYZER_NUMBER_OBJECT_CONVERSION = YES_AGGRESSIVE;
				CLANG_CXX_LANGUAGE_STANDARD = "gnu++20";
				CLANG_ENABLE_MODULES = YES;
				CLANG_ENABLE_OBJC_ARC = YES;
				CLANG_ENABLE_OBJC_WEAK = YES;
				CLANG_WARN_BLOCK_CAPTURE_AUTORELEASING = YES;
				CLANG_WARN_BOOL_CONVERSION = YES;
				CLANG_WARN_COMMA = YES;
				CLANG_WARN_CONSTANT_CONVERSION = YES;
				CLANG_WARN_DEPRECATED_OBJC_IMPLEMENTATIONS = YES;
				CLANG_WARN_DIRECT_OBJC_ISA_USAGE = YES_ERROR;
				CLANG_WARN_DOCUMENTATION_COMMENTS = YES;
				CLANG_WARN_EMPTY_BODY = YES;
				CLANG_WARN_ENUM_CONVERSION = YES;
				CLANG_WARN_INFINITE_RECURSION = YES;
				CLANG_WARN_INT_CONVERSION = YES;
				CLANG_WARN_NON_LITERAL_NULL_CONVERSION = YES;
				CLANG_WARN_OBJC_IMPLICIT_RETAIN_SELF = YES;
				CLANG_WARN_OBJC_LITERAL_CONVERSION = YES;
				CLANG_WARN_OBJC_ROOT_CLASS = YES_ERROR;
				CLANG_WARN_QUOTED_INCLUDE_IN_FRAMEWORK_HEADER = YES;
				CLANG_WARN_RANGE_LOOP_ANALYSIS = YES;
				CLANG_WARN_STRICT_PROTOTYPES = YES;
				CLANG_WARN_SUSPICIOUS_MOVE = YES;
				CLANG_WARN_UNGUARDED_AVAILABILITY = YES_AGGRESSIVE;
				CLANG_WARN_UNREACHABLE_CODE = YES;
				CLANG_WARN__DUPLICATE_METHOD_MATCH = YES;
				COPY_PHASE_STRIP = NO;
				DEAD_CODE_STRIPPING = YES;
				DEBUG_INFORMATION_FORMAT = dwarf;
				DEVELOPMENT_TEAM = FZ35ZF3CZV;
				ENABLE_STRICT_OBJC_MSGSEND = YES;
				ENABLE_TESTABILITY = YES;
				ENABLE_USER_SCRIPT_SANDBOXING = YES;
				GCC_C_LANGUAGE_STANDARD = gnu17;
				GCC_DYNAMIC_NO_PIC = NO;
				GCC_NO_COMMON_BLOCKS = YES;
				GCC_OPTIMIZATION_LEVEL = 0;
				GCC_PREPROCESSOR_DEFINITIONS = (
					"DEBUG=1",
					"$(inherited)",
				);
				GCC_WARN_64_TO_32_BIT_CONVERSION = YES;
				GCC_WARN_ABOUT_RETURN_TYPE = YES_ERROR;
				GCC_WARN_UNDECLARED_SELECTOR = YES;
				GCC_WARN_UNINITIALIZED_AUTOS = YES_AGGRESSIVE;
				GCC_WARN_UNUSED_FUNCTION = YES;
				GCC_WARN_UNUSED_VARIABLE = YES;
				LOCALIZATION_PREFERS_STRING_CATALOGS = YES;
				MTL_ENABLE_DEBUG_INFO = INCLUDE_SOURCE;
				MTL_FAST_MATH = YES;
				ONLY_ACTIVE_ARCH = YES;
				STRING_CATALOG_GENERATE_SYMBOLS = YES;
				SWIFT_ACTIVE_COMPILATION_CONDITIONS = "DEBUG $(inherited)";
				SWIFT_OPTIMIZATION_LEVEL = "-Onone";
			};
			name = Debug;
		};
		4E0CF1512EF9542A00307800 /* Release */ = {
			isa = XCBuildConfiguration;
			buildSettings = {
				ALWAYS_SEARCH_USER_PATHS = NO;
				ASSETCATALOG_COMPILER_GENERATE_SWIFT_ASSET_SYMBOL_EXTENSIONS = YES;
				CLANG_ANALYZER_LOCALIZABILITY_NONLOCALIZED = YES;
				CLANG_ANALYZER_NONNULL = YES;
				CLANG_ANALYZER_NUMBER_OBJECT_CONVERSION = YES_AGGRESSIVE;
				CLANG_CXX_LANGUAGE_STANDARD = "gnu++20";
				CLANG_ENABLE_MODULES = YES;
				CLANG_ENABLE_OBJC_ARC = YES;
				CLANG_ENABLE_OBJC_WEAK = YES;
				CLANG_WARN_BLOCK_CAPTURE_AUTORELEASING = YES;
				CLANG_WARN_BOOL_CONVERSION = YES;
				CLANG_WARN_COMMA = YES;
				CLANG_WARN_CONSTANT_CONVERSION = YES;
				CLANG_WARN_DEPRECATED_OBJC_IMPLEMENTATIONS = YES;
				CLANG_WARN_DIRECT_OBJC_ISA_USAGE = YES_ERROR;
				CLANG_WARN_DOCUMENTATION_COMMENTS = YES;
				CLANG_WARN_EMPTY_BODY = YES;
				CLANG_WARN_ENUM_CONVERSION = YES;
				CLANG_WARN_INFINITE_RECURSION = YES;
				CLANG_WARN_INT_CONVERSION = YES;
				CLANG_WARN_NON_LITERAL_NULL_CONVERSION = YES;
				CLANG_WARN_OBJC_IMPLICIT_RETAIN_SELF = YES;
				CLANG_WARN_OBJC_LITERAL_CONVERSION = YES;
				CLANG_WARN_OBJC_ROOT_CLASS = YES_ERROR;
				CLANG_WARN_QUOTED_INCLUDE_IN_FRAMEWORK_HEADER = YES;
				CLANG_WARN_RANGE_LOOP_ANALYSIS = YES;
				CLANG_WARN_STRICT_PROTOTYPES = YES;
				CLANG_WARN_SUSPICIOUS_MOVE = YES;
				CLANG_WARN_UNGUARDED_AVAILABILITY = YES_AGGRESSIVE;
				CLANG_WARN_UNREACHABLE_CODE = YES;
				CLANG_WARN__DUPLICATE_METHOD_MATCH = YES;
				COPY_PHASE_STRIP = NO;
				DEAD_CODE_STRIPPING = YES;
				DEBUG_INFORMATION_FORMAT = "dwarf-with-dsym";
				DEVELOPMENT_TEAM = FZ35ZF3CZV;
				ENABLE_NS_ASSERTIONS = NO;
				ENABLE_STRICT_OBJC_MSGSEND = YES;
				ENABLE_USER_SCRIPT_SANDBOXING = YES;
				GCC_C_LANGUAGE_STANDARD = gnu17;
				GCC_NO_COMMON_BLOCKS = YES;
				GCC_WARN_64_TO_32_BIT_CONVERSION = YES;
				GCC_WARN_ABOUT_RETURN_TYPE = YES_ERROR;
				GCC_WARN_UNDECLARED_SELECTOR = YES;
				GCC_WARN_UNINITIALIZED_AUTOS = YES_AGGRESSIVE;
				GCC_WARN_UNUSED_FUNCTION = YES;
				GCC_WARN_UNUSED_VARIABLE = YES;
				LOCALIZATION_PREFERS_STRING_CATALOGS = YES;
				MTL_ENABLE_DEBUG_INFO = NO;
				MTL_FAST_MATH = YES;
				STRING_CATALOG_GENERATE_SYMBOLS = YES;
				SWIFT_COMPILATION_MODE = wholemodule;
			};
			name = Release;
		};
		4EFB3AC12F2CD92C001F2930 /* Debug */ = {
			isa = XCBuildConfiguration;
			buildSettings = {
				ASSETCATALOG_COMPILER_APPICON_NAME = WatchAppIcon;
				CODE_SIGN_ENTITLEMENTS = "MochiLog Watch App/MochiLog Watch App.entitlements";
				CODE_SIGN_IDENTITY = "Apple Development";
				"CODE_SIGN_IDENTITY[sdk=watchos*]" = "iPhone Developer";
				CODE_SIGN_STYLE = Manual;
				CURRENT_PROJECT_VERSION = 101;
				DEVELOPMENT_TEAM = "";
				"DEVELOPMENT_TEAM[sdk=watchos*]" = FZ35ZF3CZV;
				ENABLE_PREVIEWS = YES;
				GENERATE_INFOPLIST_FILE = NO;
				INFOPLIST_FILE = "MochiLog Watch App/Info.plist";
				INFOPLIST_KEY_CFBundleDisplayName = MochiLog;
				INFOPLIST_KEY_UISupportedInterfaceOrientations = "UIInterfaceOrientationPortrait UIInterfaceOrientationPortraitUpsideDown";
				INFOPLIST_KEY_WKCompanionAppBundleIdentifier = "net.ryuya-dev.MochiLog";
				LD_RUNPATH_SEARCH_PATHS = (
					"$(inherited)",
					"@executable_path/Frameworks",
				);
				MARKETING_VERSION = 3.2.0;
				PRODUCT_BUNDLE_IDENTIFIER = "net.ryuya-dev.MochiLog.watchkitapp";
				PRODUCT_NAME = "$(TARGET_NAME)";
				PROVISIONING_PROFILE_SPECIFIER = "";
				"PROVISIONING_PROFILE_SPECIFIER[sdk=watchos*]" = "match Development net.ryuya-dev.MochiLog.watchkitapp";
				SDKROOT = watchos;
				SKIP_INSTALL = YES;
				STRING_CATALOG_GENERATE_SYMBOLS = YES;
				SWIFT_APPROACHABLE_CONCURRENCY = YES;
				SWIFT_DEFAULT_ACTOR_ISOLATION = MainActor;
				SWIFT_EMIT_LOC_STRINGS = YES;
				SWIFT_UPCOMING_FEATURE_MEMBER_IMPORT_VISIBILITY = YES;
				SWIFT_VERSION = 5.0;
				TARGETED_DEVICE_FAMILY = 4;
				WATCHOS_DEPLOYMENT_TARGET = 9.0;
			};
			name = Debug;
		};
		4EFB3AC22F2CD92C001F2930 /* Release */ = {
			isa = XCBuildConfiguration;
			buildSettings = {
				ASSETCATALOG_COMPILER_APPICON_NAME = WatchAppIcon;
				CODE_SIGN_ENTITLEMENTS = "MochiLog Watch App/MochiLog Watch AppRelease.entitlements";
				CODE_SIGN_IDENTITY = "Apple Development";
				"CODE_SIGN_IDENTITY[sdk=watchos*]" = "iPhone Distribution";
				CODE_SIGN_STYLE = Manual;
				CURRENT_PROJECT_VERSION = 101;
				DEVELOPMENT_TEAM = "";
				"DEVELOPMENT_TEAM[sdk=watchos*]" = FZ35ZF3CZV;
				ENABLE_PREVIEWS = YES;
				GENERATE_INFOPLIST_FILE = NO;
				INFOPLIST_FILE = "MochiLog Watch App/Info.plist";
				INFOPLIST_KEY_CFBundleDisplayName = MochiLog;
				INFOPLIST_KEY_UISupportedInterfaceOrientations = "UIInterfaceOrientationPortrait UIInterfaceOrientationPortraitUpsideDown";
				INFOPLIST_KEY_WKCompanionAppBundleIdentifier = "net.ryuya-dev.MochiLog";
				LD_RUNPATH_SEARCH_PATHS = (
					"$(inherited)",
					"@executable_path/Frameworks",
				);
				MARKETING_VERSION = 3.2.0;
				PRODUCT_BUNDLE_IDENTIFIER = "net.ryuya-dev.MochiLog.watchkitapp";
				PRODUCT_NAME = "$(TARGET_NAME)";
				PROVISIONING_PROFILE_SPECIFIER = "";
				"PROVISIONING_PROFILE_SPECIFIER[sdk=watchos*]" = "match AppStore net.ryuya-dev.MochiLog.watchkitapp";
				SDKROOT = watchos;
				SKIP_INSTALL = YES;
				STRING_CATALOG_GENERATE_SYMBOLS = YES;
				SWIFT_APPROACHABLE_CONCURRENCY = YES;
				SWIFT_DEFAULT_ACTOR_ISOLATION = MainActor;
				SWIFT_EMIT_LOC_STRINGS = YES;
				SWIFT_UPCOMING_FEATURE_MEMBER_IMPORT_VISIBILITY = YES;
				SWIFT_VERSION = 5.0;
				TARGETED_DEVICE_FAMILY = 4;
				VALIDATE_PRODUCT = YES;
				WATCHOS_DEPLOYMENT_TARGET = 9.0;
			};
			name = Release;
		};
		A1621B9C0A098DDDA1AE5CD5 /* Release */ = {
			isa = XCBuildConfiguration;
			buildSettings = {
				CODE_SIGNING_ALLOWED = NO;
				GENERATE_INFOPLIST_FILE = YES;
				PRODUCT_BUNDLE_IDENTIFIER = "net.ryuya-dev.MochiLog.WatchUITests";
				PRODUCT_NAME = "$(TARGET_NAME)";
				SDKROOT = watchos;
				SWIFT_VERSION = 5.0;
				TEST_TARGET_NAME = "MochiLog Watch App";
				VALIDATE_PRODUCT = YES;
				WATCHOS_DEPLOYMENT_TARGET = 9.0;
			};
			name = Release;
		};
		EACA4EEE2134B6D7E8559E9F /* Debug */ = {
			isa = XCBuildConfiguration;
			buildSettings = {
				CLANG_ENABLE_OBJC_WEAK = NO;
				CODE_SIGNING_ALLOWED = NO;
				GENERATE_INFOPLIST_FILE = YES;
				IPHONEOS_DEPLOYMENT_TARGET = 17.0;
				PRODUCT_BUNDLE_IDENTIFIER = "net.ryuya-dev.MochiLog.UITests";
				PRODUCT_NAME = "$(TARGET_NAME)";
				SDKROOT = iphoneos;
				SWIFT_VERSION = 5.0;
				TARGETED_DEVICE_FAMILY = "1,2";
				TEST_TARGET_NAME = MochiLog;
			};
			name = Debug;
		};
		F9909B1753E4C8FF6D2E0837 /* Release */ = {
			isa = XCBuildConfiguration;
			buildSettings = {
				CLANG_ENABLE_OBJC_WEAK = NO;
				CODE_SIGNING_ALLOWED = NO;
				GENERATE_INFOPLIST_FILE = YES;
				IPHONEOS_DEPLOYMENT_TARGET = 17.0;
				PRODUCT_BUNDLE_IDENTIFIER = "net.ryuya-dev.MochiLog.UITests";
				PRODUCT_NAME = "$(TARGET_NAME)";
				SDKROOT = iphoneos;
				SWIFT_VERSION = 5.0;
				TARGETED_DEVICE_FAMILY = "1,2";
				TEST_TARGET_NAME = MochiLog;
				VALIDATE_PRODUCT = YES;
			};
			name = Release;
		};
/* End XCBuildConfiguration section */

/* Begin XCConfigurationList section */
		0F6586BD18A4936EE0A7B818 /* Build configuration list for PBXNativeTarget "MochiLogUITests" */ = {
			isa = XCConfigurationList;
			buildConfigurations = (
				F9909B1753E4C8FF6D2E0837 /* Release */,
				EACA4EEE2134B6D7E8559E9F /* Debug */,
			);
			defaultConfigurationIsVisible = 0;
			defaultConfigurationName = Release;
		};
		4E0CF13A2EF9542800307800 /* Build configuration list for PBXProject "MochiLog" */ = {
			isa = XCConfigurationList;
			buildConfigurations = (
				4E0CF1502EF9542A00307800 /* Debug */,
				4E0CF1512EF9542A00307800 /* Release */,
			);
			defaultConfigurationIsVisible = 0;
			defaultConfigurationName = Release;
		};
		4E0CF14D2EF9542A00307800 /* Build configuration list for PBXNativeTarget "MochiLog" */ = {
			isa = XCConfigurationList;
			buildConfigurations = (
				4E0CF14E2EF9542A00307800 /* Debug */,
				4E0CF14F2EF9542A00307800 /* Release */,
			);
			defaultConfigurationIsVisible = 0;
			defaultConfigurationName = Release;
		};
		4EFB3AC02F2CD92C001F2930 /* Build configuration list for PBXNativeTarget "MochiLog Watch App" */ = {
			isa = XCConfigurationList;
			buildConfigurations = (
				4EFB3AC12F2CD92C001F2930 /* Debug */,
				4EFB3AC22F2CD92C001F2930 /* Release */,
			);
			defaultConfigurationIsVisible = 0;
			defaultConfigurationName = Release;
		};
		87F09FF56884B9FA7383A2BB /* Build configuration list for PBXNativeTarget "MochiLogWatchUITests" */ = {
			isa = XCConfigurationList;
			buildConfigurations = (
				A1621B9C0A098DDDA1AE5CD5 /* Release */,
				0C3FF5B228EF0DF7CCFE6354 /* Debug */,
			);
			defaultConfigurationIsVisible = 0;
			defaultConfigurationName = Release;
		};
/* End XCConfigurationList section */

/* Begin XCRemoteSwiftPackageReference section */
		4E0CF2BC2EFC23F300307800 /* XCRemoteSwiftPackageReference "ZIPFoundation" */ = {
			isa = XCRemoteSwiftPackageReference;
			repositoryURL = "https://github.com/weichsel/ZIPFoundation";
			requirement = {
				kind = upToNextMajorVersion;
				minimumVersion = 0.9.20;
			};
		};
		4E2E3D6F2F41D18D0041E83C /* XCRemoteSwiftPackageReference "Yams" */ = {
			isa = XCRemoteSwiftPackageReference;
			repositoryURL = "https://github.com/jpsim/Yams";
			requirement = {
				kind = upToNextMajorVersion;
				minimumVersion = 6.2.1;
			};
		};
/* End XCRemoteSwiftPackageReference section */

/* Begin XCSwiftPackageProductDependency section */
		4E0CF2BD2EFC23F300307800 /* ZIPFoundation */ = {
			isa = XCSwiftPackageProductDependency;
			package = 4E0CF2BC2EFC23F300307800 /* XCRemoteSwiftPackageReference "ZIPFoundation" */;
			productName = ZIPFoundation;
		};
		4E2E3D702F41D3910041E83C /* Yams */ = {
			isa = XCSwiftPackageProductDependency;
			package = 4E2E3D6F2F41D18D0041E83C /* XCRemoteSwiftPackageReference "Yams" */;
			productName = Yams;
		};
/* End XCSwiftPackageProductDependency section */
	};
	rootObject = 4E0CF1372EF9542800307800 /* Project object */;
}
